# generated by ctx v0.3.4 — regenerate with 'ctx harness init'
# ctx:checksum sha256:a35d0bc6362c0b0d52170d50ca3b7fb409e18cb7849d1a4024a0c74ada69633a
version = 1

[files.".agents/plugins/marketplace.json"]
checksum = "sha256:c317308be5f9fb5cdb56f0b79c976c192c60a0892ad96fa94d2229cd4ea01ce3"
ctx_version = "0.3.4"

[files.".codex-plugin/plugin.json"]
checksum = "sha256:ac41bd12bc3bc66b36e200799717966c826deba1992c85dda4e92e8d8268ab87"
ctx_version = "0.3.4"

[files.".ctx/rules.toml"]
checksum = "sha256:7df820beb740d3492765fb1d1c6a89e4f3e5c360fdb32f5e8570045e07a3c0a4"
ctx_version = "0.3.4"

[files."README.md"]
checksum = "sha256:4a3a53c9e4ee95b6c6e51628ded84dcdf9b6cd95fc69ba3679efe9a7dec3e42f"
ctx_version = "0.3.4"

[files."hooks/hooks.json"]
checksum = "sha256:dc86b94bf399f4963b57d8bc69d689735bcb82674f60330c9943549e26958336"
ctx_version = "0.3.4"

[files."hooks/post-tool-use.sh"]
checksum = "sha256:8abb3aeed04fe3473d7031f2e0b765c2cc51d9d58e0743bd1247351caa4b9a5d"
ctx_version = "0.3.4"

[files."hooks/session-start.sh"]
checksum = "sha256:8631757708d812492f0fe4e03451b74bade5cf7dd793c3047455a9ad4acca954"
ctx_version = "0.3.4"

[files."hooks/stop.sh"]
checksum = "sha256:b0db11c6e49285717638e0aabdb9569ba31ba9096a755e7897c8453e10504e7b"
ctx_version = "0.3.4"

[files."skills/ctx/SKILL.md"]
checksum = "sha256:90f4512405f46b57592a179bca623f5215b22cba03b6470b4d23fd01578dcf3d"
ctx_version = "0.3.4"
