# generated by ctx v0.3.4 — regenerate with 'ctx harness init'
# ctx:checksum sha256:b2a1b77b88d0467ab2b5127b0d428ce62e22c29f75b068033f12065b6b76a62f
version = 1

[files.".claude-plugin/marketplace.json"]
checksum = "sha256:c5340b43bd63daea13492eb736b823eba98b91b45a3d6d23519b24ac71cffb35"
ctx_version = "0.3.4"

[files.".claude-plugin/plugin.json"]
checksum = "sha256:c2113eef02316cb78be28929559f85ddf1987e8d85766a895dd7f50826337ea7"
ctx_version = "0.3.4"

[files.".ctx/rules.toml"]
checksum = "sha256:7df820beb740d3492765fb1d1c6a89e4f3e5c360fdb32f5e8570045e07a3c0a4"
ctx_version = "0.3.4"

[files."README.md"]
checksum = "sha256:799da0f8c3bfa8824fa8477d3f6ed61db8b26af74336209cebdc436bfc001374"
ctx_version = "0.3.4"

[files."hooks/hooks.json"]
checksum = "sha256:e70c43d2f3161415346fac7aea2425e0a1abf644a48afeda0abc6caccb05805c"
ctx_version = "0.3.4"

[files."hooks/post-tool-use.sh"]
checksum = "sha256:166ba72551b2eea8b9866c5ca5ef60f52afbcf0a94a5d21116d8dbf639f62624"
ctx_version = "0.3.4"

[files."hooks/session-start.sh"]
checksum = "sha256:2f8ba57716fbc60575a17301302ed2ae8dcadf2338158a4a9fe46f150a5967aa"
ctx_version = "0.3.4"

[files."hooks/stop.sh"]
checksum = "sha256:fa5febf938fe39f9281ca1a1ac5da95c037d2ee19b8b8b7b8d6be297527cd4ea"
ctx_version = "0.3.4"

[files."settings.json"]
checksum = "sha256:f9f9c5caf1a0e6043489441649b31a50600dee743e6109aa320fb68ddce097fe"
ctx_version = "0.3.4"

[files."skills/ctx/SKILL.md"]
checksum = "sha256:90f4512405f46b57592a179bca623f5215b22cba03b6470b4d23fd01578dcf3d"
ctx_version = "0.3.4"
